
Microsoft Visual Studio Solution File, Format Version 12.00
# Visual Studio Version 17
VisualStudioVersion = 17.14.36127.28 d17.14
MinimumVisualStudioVersion = 10.0.40219.1
Project("{FAE04EC0-301F-11D3-BF4B-00C04F79EFBC}") = "finansije", "finansije\finansije.csproj", "{6ED5D52E-3B77-46B3-9C5A-D477CB844FD5}"
EndProject
Global
	GlobalSection(SolutionConfigurationPlatforms) = preSolution
		Debug|Any CPU = Debug|Any CPU
		Release|Any CPU = Release|Any CPU
	EndGlobalSection
	GlobalSection(ProjectConfigurationPlatforms) = postSolution
		{6ED5D52E-3B77-46B3-9C5A-D477CB844FD5}.Debug|Any CPU.ActiveCfg = Debug|Any CPU
		{6ED5D52E-3B77-46B3-9C5A-D477CB844FD5}.Debug|Any CPU.Build.0 = Debug|Any CPU
		{6ED5D52E-3B77-46B3-9C5A-D477CB844FD5}.Release|Any CPU.ActiveCfg = Release|Any CPU
		{6ED5D52E-3B77-46B3-9C5A-D477CB844FD5}.Release|Any CPU.Build.0 = Release|Any CPU
	EndGlobalSection
	GlobalSection(SolutionProperties) = preSolution
		HideSolutionNode = FALSE
	EndGlobalSection
	GlobalSection(ExtensibilityGlobals) = postSolution
		SolutionGuid = {7C147EA1-B6BE-4425-B31D-D31F7ABA593F}
	EndGlobalSection
EndGlobal
